<?xml version="1.0" encoding="utf-8"?>
<Project ToolsVersion="4.0" xmlns="http://schemas.microsoft.com/developer/msbuild/2003">
  <ItemGroup>
    <Filter Include="Source Files">
      <UniqueIdentifier>{4FC737F1-C7A5-4376-A066-2A32D752A2FF}</UniqueIdentifier>
      <Extensions>cpp;c;cc;cxx;def;odl;idl;hpj;bat;asm;asmx</Extensions>
    </Filter>
    <Filter Include="Header Files">
      <UniqueIdentifier>{93995380-89BD-4b04-88EB-625FBE52EBFB}</UniqueIdentifier>
      <Extensions>h;hpp;hxx;hm;inl;inc;xsd</Extensions>
    </Filter>
    <Filter Include="Resource Files">
      <UniqueIdentifier>{67DA6AB6-F800-4c08-8B7A-83BB121AAD01}</UniqueIdentifier>
      <Extensions>rc;ico;cur;bmp;dlg;rc2;rct;bin;rgs;gif;jpg;jpeg;jpe;resx;tiff;tif;png;wav;mfcribbon-ms</Extensions>
    </Filter>
    <Filter Include="Header Files\database_template_H">
      <UniqueIdentifier>{7e3bb074-1c61-4315-ad0e-da19c24bedbb}</UniqueIdentifier>
    </Filter>
    <Filter Include="Source Files\TTXX">
      <UniqueIdentifier>{2cbda11e-e538-457d-aad8-bf5effb7091f}</UniqueIdentifier>
    </Filter>
  </ItemGroup>
  <ItemGroup>
    <ClInclude Include="Header.h">
      <Filter>Header Files</Filter>
    </ClInclude>
    <ClInclude Include="readingFile.h">
      <Filter>Header Files</Filter>
    </ClInclude>
    <ClInclude Include="WriteFile.h">
      <Filter>Header Files</Filter>
    </ClInclude>
    <ClInclude Include="DB_structure_TTAA.h">
      <Filter>Header Files\database_template_H</Filter>
    </ClInclude>
    <ClInclude Include="General_data.h">
      <Filter>Header Files\database_template_H</Filter>
    </ClInclude>
    <ClInclude Include="DB_structure_TTBB.h">
      <Filter>Header Files\database_template_H</Filter>
    </ClInclude>
  </ItemGroup>
  <ItemGroup>
    <ClCompile Include="main.cpp">
      <Filter>Source Files</Filter>
    </ClCompile>
    <ClCompile Include="WriteFile.cpp">
      <Filter>Source Files</Filter>
    </ClCompile>
    <ClCompile Include="TTAA.cpp">
      <Filter>Source Files\TTXX</Filter>
    </ClCompile>
    <ClCompile Include="TTBB.cpp">
      <Filter>Source Files\TTXX</Filter>
    </ClCompile>
    <ClCompile Include="readingFile.cpp">
      <Filter>Source Files</Filter>
    </ClCompile>
    <ClCompile Include="Write.cpp">
      <Filter>Source Files</Filter>
    </ClCompile>
  </ItemGroup>
</Project>